
Microsoft Visual Studio Solution File, Format Version 12.00
# Visual Studio Version 16
VisualStudioVersion = 16.0.32002.261
MinimumVisualStudioVersion = 10.0.40219.1
Project("{FAE04EC0-301F-11D3-BF4B-00C04F79EFBC}") = "API", "API\API.csproj", "{8D11CBD5-5BA0-4EC1-A94E-0BAE9720C967}"
EndProject
Global
	GlobalSection(SolutionConfigurationPlatforms) = preSolution
		Debug|Any CPU = Debug|Any CPU
		Release|Any CPU = Release|Any CPU
	EndGlobalSection
	GlobalSection(ProjectConfigurationPlatforms) = postSolution
		{8D11CBD5-5BA0-4EC1-A94E-0BAE9720C967}.Debug|Any CPU.ActiveCfg = Debug|Any CPU
		{8D11CBD5-5BA0-4EC1-A94E-0BAE9720C967}.Debug|Any CPU.Build.0 = Debug|Any CPU
		{8D11CBD5-5BA0-4EC1-A94E-0BAE9720C967}.Release|Any CPU.ActiveCfg = Release|Any CPU
		{8D11CBD5-5BA0-4EC1-A94E-0BAE9720C967}.Release|Any CPU.Build.0 = Release|Any CPU
	EndGlobalSection
	GlobalSection(SolutionProperties) = preSolution
		HideSolutionNode = FALSE
	EndGlobalSection
	GlobalSection(ExtensibilityGlobals) = postSolution
		SolutionGuid = {0B42E450-0BEA-40F6-9072-F236DB8387DA}
	EndGlobalSection
EndGlobal
